
Microsoft Visual Studio Solution File, Format Version 12.00
# Visual Studio Version 16
VisualStudioVersion = 16.0.30804.86
MinimumVisualStudioVersion = 10.0.40219.1
Project("{FAE04EC0-301F-11D3-BF4B-00C04F79EFBC}") = "HolaMundo", "HolaMundo.csproj", "{C36C0672-4174-4732-A943-00FBFE08BADD}"
EndProject
Global
	GlobalSection(SolutionConfigurationPlatforms) = preSolution
		Debug|Any CPU = Debug|Any CPU
		Release|Any CPU = Release|Any CPU
	EndGlobalSection
	GlobalSection(ProjectConfigurationPlatforms) = postSolution
		{C36C0672-4174-4732-A943-00FBFE08BADD}.Debug|Any CPU.ActiveCfg = Debug|Any CPU
		{C36C0672-4174-4732-A943-00FBFE08BADD}.Debug|Any CPU.Build.0 = Debug|Any CPU
		{C36C0672-4174-4732-A943-00FBFE08BADD}.Release|Any CPU.ActiveCfg = Release|Any CPU
		{C36C0672-4174-4732-A943-00FBFE08BADD}.Release|Any CPU.Build.0 = Release|Any CPU
	EndGlobalSection
	GlobalSection(SolutionProperties) = preSolution
		HideSolutionNode = FALSE
	EndGlobalSection
	GlobalSection(ExtensibilityGlobals) = postSolution
		SolutionGuid = {C3B644F9-185F-4C4A-A8D0-59E7A6C6F69C}
	EndGlobalSection
EndGlobal
